
Microsoft Visual Studio Solution File, Format Version 12.00
# Visual Studio 15
VisualStudioVersion = 15.0.28010.2003
MinimumVisualStudioVersion = 10.0.40219.1
Project("{FAE04EC0-301F-11D3-BF4B-00C04F79EFBC}") = "Entidades", "Entidades\Entidades.csproj", "{E8DE9E9B-9572-4649-BCF8-AAB21CAC9EBB}"
EndProject
Project("{FAE04EC0-301F-11D3-BF4B-00C04F79EFBC}") = "VistaConsola", "VistaConsola\VistaConsola.csproj", "{51A05D03-F899-4F4A-8CE2-07CAA8D76DED}"
EndProject
Project("{FAE04EC0-301F-11D3-BF4B-00C04F79EFBC}") = "EntidadesMascotas", "EntidadesMascotas\EntidadesMascotas.csproj", "{D1A05FF9-503F-4CF6-87A1-CFE210225845}"
EndProject
Project("{FAE04EC0-301F-11D3-BF4B-00C04F79EFBC}") = "ConsoleMascotas", "ConsoleMascotas\ConsoleMascotas.csproj", "{6C33502D-6F16-48F7-A16E-3A9B40A2AB14}"
EndProject
Global
	GlobalSection(SolutionConfigurationPlatforms) = preSolution
		Debug|Any CPU = Debug|Any CPU
		Release|Any CPU = Release|Any CPU
	EndGlobalSection
	GlobalSection(ProjectConfigurationPlatforms) = postSolution
		{E8DE9E9B-9572-4649-BCF8-AAB21CAC9EBB}.Debug|Any CPU.ActiveCfg = Debug|Any CPU
		{E8DE9E9B-9572-4649-BCF8-AAB21CAC9EBB}.Debug|Any CPU.Build.0 = Debug|Any CPU
		{E8DE9E9B-9572-4649-BCF8-AAB21CAC9EBB}.Release|Any CPU.ActiveCfg = Release|Any CPU
		{E8DE9E9B-9572-4649-BCF8-AAB21CAC9EBB}.Release|Any CPU.Build.0 = Release|Any CPU
		{51A05D03-F899-4F4A-8CE2-07CAA8D76DED}.Debug|Any CPU.ActiveCfg = Debug|Any CPU
		{51A05D03-F899-4F4A-8CE2-07CAA8D76DED}.Debug|Any CPU.Build.0 = Debug|Any CPU
		{51A05D03-F899-4F4A-8CE2-07CAA8D76DED}.Release|Any CPU.ActiveCfg = Release|Any CPU
		{51A05D03-F899-4F4A-8CE2-07CAA8D76DED}.Release|Any CPU.Build.0 = Release|Any CPU
		{D1A05FF9-503F-4CF6-87A1-CFE210225845}.Debug|Any CPU.ActiveCfg = Debug|Any CPU
		{D1A05FF9-503F-4CF6-87A1-CFE210225845}.Debug|Any CPU.Build.0 = Debug|Any CPU
		{D1A05FF9-503F-4CF6-87A1-CFE210225845}.Release|Any CPU.ActiveCfg = Release|Any CPU
		{D1A05FF9-503F-4CF6-87A1-CFE210225845}.Release|Any CPU.Build.0 = Release|Any CPU
		{6C33502D-6F16-48F7-A16E-3A9B40A2AB14}.Debug|Any CPU.ActiveCfg = Debug|Any CPU
		{6C33502D-6F16-48F7-A16E-3A9B40A2AB14}.Debug|Any CPU.Build.0 = Debug|Any CPU
		{6C33502D-6F16-48F7-A16E-3A9B40A2AB14}.Release|Any CPU.ActiveCfg = Release|Any CPU
		{6C33502D-6F16-48F7-A16E-3A9B40A2AB14}.Release|Any CPU.Build.0 = Release|Any CPU
	EndGlobalSection
	GlobalSection(SolutionProperties) = preSolution
		HideSolutionNode = FALSE
	EndGlobalSection
	GlobalSection(ExtensibilityGlobals) = postSolution
		SolutionGuid = {EC93B981-D77F-4716-BB71-06B529FCAD13}
	EndGlobalSection
EndGlobal
