
Microsoft Visual Studio Solution File, Format Version 12.00
# Visual Studio 15
VisualStudioVersion = 15.0.27703.2047
MinimumVisualStudioVersion = 10.0.40219.1
Project("{FAE04EC0-301F-11D3-BF4B-00C04F79EFBC}") = "ejercicio00", "ejercicio00\ejercicio00.csproj", "{4BB8070B-2720-4446-80AD-DDAC541A532E}"
EndProject
Project("{FAE04EC0-301F-11D3-BF4B-00C04F79EFBC}") = "ejercicio01", "ejercicio01\ejercicio01.csproj", "{80017F9C-5005-4318-AED3-4296F8B9F4E1}"
EndProject
Project("{FAE04EC0-301F-11D3-BF4B-00C04F79EFBC}") = "ejercicio02", "ejercicio02\ejercicio02.csproj", "{D3218BA6-0385-47C8-A3E8-8767F8E85952}"
EndProject
Project("{FAE04EC0-301F-11D3-BF4B-00C04F79EFBC}") = "ejercicio03", "ejercicio03\ejercicio03.csproj", "{5E938B2C-E99F-4671-9B3F-F4635C934D91}"
EndProject
Project("{FAE04EC0-301F-11D3-BF4B-00C04F79EFBC}") = "ejercicio04", "ejercicio04\ejercicio04.csproj", "{129EBD2E-1247-44C4-98D2-C588541FDEDB}"
EndProject
Project("{FAE04EC0-301F-11D3-BF4B-00C04F79EFBC}") = "ejercicio06", "ejercicio06\ejercicio06.csproj", "{4C844EBF-87ED-4518-AAD3-9D48E0FE3D46}"
EndProject
Project("{FAE04EC0-301F-11D3-BF4B-00C04F79EFBC}") = "ejercicio07", "ejercicio07\ejercicio07.csproj", "{AC89991E-FB4B-4D19-8F7C-79B46D1B5E2F}"
EndProject
Project("{FAE04EC0-301F-11D3-BF4B-00C04F79EFBC}") = "ejercicio16", "ejercicio16\ejercicio16.csproj", "{3B6769E9-0660-43A7-B033-D4BF84387DE9}"
EndProject
Project("{FAE04EC0-301F-11D3-BF4B-00C04F79EFBC}") = "ejercicio17", "ejercicio17\ejercicio17.csproj", "{26C7FFA9-8845-4242-91ED-BB72DD63EC77}"
EndProject
Project("{FAE04EC0-301F-11D3-BF4B-00C04F79EFBC}") = "ejercicio18", "ejercicio18\ejercicio18.csproj", "{325F08F6-ED5A-4F30-AD48-FCA83EF4C338}"
EndProject
Project("{FAE04EC0-301F-11D3-BF4B-00C04F79EFBC}") = "ejercicio19", "ejercicio19\ejercicio19.csproj", "{35A77DB9-3DDC-4270-808A-9937BA2CD01A}"
EndProject
Project("{FAE04EC0-301F-11D3-BF4B-00C04F79EFBC}") = "ejercicio20", "ejercicio20\ejercicio20.csproj", "{95D062C4-4D6B-4DA9-AF44-6349B500DC5D}"
EndProject
Global
	GlobalSection(SolutionConfigurationPlatforms) = preSolution
		Debug|Any CPU = Debug|Any CPU
		Release|Any CPU = Release|Any CPU
	EndGlobalSection
	GlobalSection(ProjectConfigurationPlatforms) = postSolution
		{4BB8070B-2720-4446-80AD-DDAC541A532E}.Debug|Any CPU.ActiveCfg = Debug|Any CPU
		{4BB8070B-2720-4446-80AD-DDAC541A532E}.Debug|Any CPU.Build.0 = Debug|Any CPU
		{4BB8070B-2720-4446-80AD-DDAC541A532E}.Release|Any CPU.ActiveCfg = Release|Any CPU
		{4BB8070B-2720-4446-80AD-DDAC541A532E}.Release|Any CPU.Build.0 = Release|Any CPU
		{80017F9C-5005-4318-AED3-4296F8B9F4E1}.Debug|Any CPU.ActiveCfg = Debug|Any CPU
		{80017F9C-5005-4318-AED3-4296F8B9F4E1}.Debug|Any CPU.Build.0 = Debug|Any CPU
		{80017F9C-5005-4318-AED3-4296F8B9F4E1}.Release|Any CPU.ActiveCfg = Release|Any CPU
		{80017F9C-5005-4318-AED3-4296F8B9F4E1}.Release|Any CPU.Build.0 = Release|Any CPU
		{D3218BA6-0385-47C8-A3E8-8767F8E85952}.Debug|Any CPU.ActiveCfg = Debug|Any CPU
		{D3218BA6-0385-47C8-A3E8-8767F8E85952}.Debug|Any CPU.Build.0 = Debug|Any CPU
		{D3218BA6-0385-47C8-A3E8-8767F8E85952}.Release|Any CPU.ActiveCfg = Release|Any CPU
		{D3218BA6-0385-47C8-A3E8-8767F8E85952}.Release|Any CPU.Build.0 = Release|Any CPU
		{5E938B2C-E99F-4671-9B3F-F4635C934D91}.Debug|Any CPU.ActiveCfg = Debug|Any CPU
		{5E938B2C-E99F-4671-9B3F-F4635C934D91}.Debug|Any CPU.Build.0 = Debug|Any CPU
		{5E938B2C-E99F-4671-9B3F-F4635C934D91}.Release|Any CPU.ActiveCfg = Release|Any CPU
		{5E938B2C-E99F-4671-9B3F-F4635C934D91}.Release|Any CPU.Build.0 = Release|Any CPU
		{129EBD2E-1247-44C4-98D2-C588541FDEDB}.Debug|Any CPU.ActiveCfg = Debug|Any CPU
		{129EBD2E-1247-44C4-98D2-C588541FDEDB}.Debug|Any CPU.Build.0 = Debug|Any CPU
		{129EBD2E-1247-44C4-98D2-C588541FDEDB}.Release|Any CPU.ActiveCfg = Release|Any CPU
		{129EBD2E-1247-44C4-98D2-C588541FDEDB}.Release|Any CPU.Build.0 = Release|Any CPU
		{4C844EBF-87ED-4518-AAD3-9D48E0FE3D46}.Debug|Any CPU.ActiveCfg = Debug|Any CPU
		{4C844EBF-87ED-4518-AAD3-9D48E0FE3D46}.Debug|Any CPU.Build.0 = Debug|Any CPU
		{4C844EBF-87ED-4518-AAD3-9D48E0FE3D46}.Release|Any CPU.ActiveCfg = Release|Any CPU
		{4C844EBF-87ED-4518-AAD3-9D48E0FE3D46}.Release|Any CPU.Build.0 = Release|Any CPU
		{AC89991E-FB4B-4D19-8F7C-79B46D1B5E2F}.Debug|Any CPU.ActiveCfg = Debug|Any CPU
		{AC89991E-FB4B-4D19-8F7C-79B46D1B5E2F}.Debug|Any CPU.Build.0 = Debug|Any CPU
		{AC89991E-FB4B-4D19-8F7C-79B46D1B5E2F}.Release|Any CPU.ActiveCfg = Release|Any CPU
		{AC89991E-FB4B-4D19-8F7C-79B46D1B5E2F}.Release|Any CPU.Build.0 = Release|Any CPU
		{3B6769E9-0660-43A7-B033-D4BF84387DE9}.Debug|Any CPU.ActiveCfg = Debug|Any CPU
		{3B6769E9-0660-43A7-B033-D4BF84387DE9}.Debug|Any CPU.Build.0 = Debug|Any CPU
		{3B6769E9-0660-43A7-B033-D4BF84387DE9}.Release|Any CPU.ActiveCfg = Release|Any CPU
		{3B6769E9-0660-43A7-B033-D4BF84387DE9}.Release|Any CPU.Build.0 = Release|Any CPU
		{26C7FFA9-8845-4242-91ED-BB72DD63EC77}.Debug|Any CPU.ActiveCfg = Debug|Any CPU
		{26C7FFA9-8845-4242-91ED-BB72DD63EC77}.Debug|Any CPU.Build.0 = Debug|Any CPU
		{26C7FFA9-8845-4242-91ED-BB72DD63EC77}.Release|Any CPU.ActiveCfg = Release|Any CPU
		{26C7FFA9-8845-4242-91ED-BB72DD63EC77}.Release|Any CPU.Build.0 = Release|Any CPU
		{325F08F6-ED5A-4F30-AD48-FCA83EF4C338}.Debug|Any CPU.ActiveCfg = Debug|Any CPU
		{325F08F6-ED5A-4F30-AD48-FCA83EF4C338}.Debug|Any CPU.Build.0 = Debug|Any CPU
		{325F08F6-ED5A-4F30-AD48-FCA83EF4C338}.Release|Any CPU.ActiveCfg = Release|Any CPU
		{325F08F6-ED5A-4F30-AD48-FCA83EF4C338}.Release|Any CPU.Build.0 = Release|Any CPU
		{35A77DB9-3DDC-4270-808A-9937BA2CD01A}.Debug|Any CPU.ActiveCfg = Debug|Any CPU
		{35A77DB9-3DDC-4270-808A-9937BA2CD01A}.Debug|Any CPU.Build.0 = Debug|Any CPU
		{35A77DB9-3DDC-4270-808A-9937BA2CD01A}.Release|Any CPU.ActiveCfg = Release|Any CPU
		{35A77DB9-3DDC-4270-808A-9937BA2CD01A}.Release|Any CPU.Build.0 = Release|Any CPU
		{95D062C4-4D6B-4DA9-AF44-6349B500DC5D}.Debug|Any CPU.ActiveCfg = Debug|Any CPU
		{95D062C4-4D6B-4DA9-AF44-6349B500DC5D}.Debug|Any CPU.Build.0 = Debug|Any CPU
		{95D062C4-4D6B-4DA9-AF44-6349B500DC5D}.Release|Any CPU.ActiveCfg = Release|Any CPU
		{95D062C4-4D6B-4DA9-AF44-6349B500DC5D}.Release|Any CPU.Build.0 = Release|Any CPU
	EndGlobalSection
	GlobalSection(SolutionProperties) = preSolution
		HideSolutionNode = FALSE
	EndGlobalSection
	GlobalSection(ExtensibilityGlobals) = postSolution
		SolutionGuid = {7E932D4C-B6B9-4466-897B-5D32D1B9E882}
	EndGlobalSection
EndGlobal
