
Microsoft Visual Studio Solution File, Format Version 12.00
# Visual Studio 15
VisualStudioVersion = 15.0.27703.2047
MinimumVisualStudioVersion = 10.0.40219.1
Project("{FAE04EC0-301F-11D3-BF4B-00C04F79EFBC}") = "ejercicio00", "ejercicio00\ejercicio00.csproj", "{4BB8070B-2720-4446-80AD-DDAC541A532E}"
EndProject
Project("{FAE04EC0-301F-11D3-BF4B-00C04F79EFBC}") = "ejercicio01", "ejercicio01\ejercicio01.csproj", "{80017F9C-5005-4318-AED3-4296F8B9F4E1}"
EndProject
Project("{FAE04EC0-301F-11D3-BF4B-00C04F79EFBC}") = "ejercicio02", "ejercicio02\ejercicio02.csproj", "{D3218BA6-0385-47C8-A3E8-8767F8E85952}"
EndProject
Project("{FAE04EC0-301F-11D3-BF4B-00C04F79EFBC}") = "ejercicio03", "ejercicio03\ejercicio03.csproj", "{5E938B2C-E99F-4671-9B3F-F4635C934D91}"
EndProject
Project("{FAE04EC0-301F-11D3-BF4B-00C04F79EFBC}") = "ejercicio04", "ejercicio04\ejercicio04.csproj", "{129EBD2E-1247-44C4-98D2-C588541FDEDB}"
EndProject
Project("{FAE04EC0-301F-11D3-BF4B-00C04F79EFBC}") = "ejercicio06", "ejercicio06\ejercicio06.csproj", "{4C844EBF-87ED-4518-AAD3-9D48E0FE3D46}"
EndProject
Project("{FAE04EC0-301F-11D3-BF4B-00C04F79EFBC}") = "ejercicio07", "ejercicio07\ejercicio07.csproj", "{AC89991E-FB4B-4D19-8F7C-79B46D1B5E2F}"
EndProject
Project("{FAE04EC0-301F-11D3-BF4B-00C04F79EFBC}") = "ejercicio16", "ejercicio16\ejercicio16.csproj", "{3B6769E9-0660-43A7-B033-D4BF84387DE9}"
EndProject
Project("{FAE04EC0-301F-11D3-BF4B-00C04F79EFBC}") = "ejercicio17", "ejercicio17\ejercicio17.csproj", "{26C7FFA9-8845-4242-91ED-BB72DD63EC77}"
EndProject
Project("{FAE04EC0-301F-11D3-BF4B-00C04F79EFBC}") = "ejercicio18", "ejercicio18\ejercicio18.csproj", "{325F08F6-ED5A-4F30-AD48-FCA83EF4C338}"
EndProject
Project("{FAE04EC0-301F-11D3-BF4B-00C04F79EFBC}") = "ejercicio19", "ejercicio19\ejercicio19.csproj", "{35A77DB9-3DDC-4270-808A-9937BA2CD01A}"
EndProject
Project("{FAE04EC0-301F-11D3-BF4B-00C04F79EFBC}") = "ejercicio20", "ejercicio20\ejercicio20.csproj", "{95D062C4-4D6B-4DA9-AF44-6349B500DC5D}"
EndProject
Project("{FAE04EC0-301F-11D3-BF4B-00C04F79EFBC}") = "WindowsFormsClase06", "WindowsFormsClase06\WindowsFormsClase06.csproj", "{9117290F-CF4D-4DD1-BD52-1113A9A6AB46}"
EndProject
Project("{FAE04EC0-301F-11D3-BF4B-00C04F79EFBC}") = "EntidadesEjercicio31", "EntidadesEjercicio31\EntidadesEjercicio31.csproj", "{638B6E9F-7EB3-4185-90A4-11ABD16E4441}"
EndProject
Project("{FAE04EC0-301F-11D3-BF4B-00C04F79EFBC}") = "EntidadesEjercicio29", "EntidadesEjercicio29\EntidadesEjercicio29.csproj", "{7961C269-E18E-4C7F-8777-A298144E7C9E}"
EndProject
Project("{FAE04EC0-301F-11D3-BF4B-00C04F79EFBC}") = "ejercicio29Consola", "ejercicio29Consola\ejercicio29Consola.csproj", "{AEC6D0CF-6C49-4929-BBFD-9FC830DA3C54}"
EndProject
Project("{FAE04EC0-301F-11D3-BF4B-00C04F79EFBC}") = "Ejercicio32", "Ejercicio32\Ejercicio32.csproj", "{20072F02-A943-4894-BB7B-967F582A4270}"
EndProject
Project("{FAE04EC0-301F-11D3-BF4B-00C04F79EFBC}") = "EntidadesEjercicio37", "EntidadesEjercicio37\EntidadesEjercicio37.csproj", "{7013BBA4-C7A8-42A6-95AF-E34D00F169C8}"
EndProject
Project("{FAE04EC0-301F-11D3-BF4B-00C04F79EFBC}") = "ejercicio37Consola", "ejercicio37Consola\ejercicio37Consola.csproj", "{D1ABBE2C-3B73-47CA-B2BA-CE1619E0099F}"
EndProject
Project("{FAE04EC0-301F-11D3-BF4B-00C04F79EFBC}") = "ejercicio38", "ejercicio38\ejercicio38.csproj", "{7F98F777-B380-4BC3-B02C-742A80DB4D0B}"
EndProject
Project("{FAE04EC0-301F-11D3-BF4B-00C04F79EFBC}") = "ejercicio39", "ejercicio39\ejercicio39.csproj", "{29C0A8A2-A8ED-4878-B830-8E8F9284CF45}"
EndProject
Project("{FAE04EC0-301F-11D3-BF4B-00C04F79EFBC}") = "ejercicio40entidades", "ejercicio40entidades\ejercicio40entidades.csproj", "{D107622F-8CC5-4E30-92C6-395C839B6E30}"
EndProject
Project("{FAE04EC0-301F-11D3-BF4B-00C04F79EFBC}") = "PracticaParcialUno", "PracticaParcialUno\PracticaParcialUno.csproj", "{AB8D5B74-A8C0-41DC-85D8-F0DF3110AC8E}"
EndProject
Project("{FAE04EC0-301F-11D3-BF4B-00C04F79EFBC}") = "PracticaParcialConsola", "PracticaParcialConsola\PracticaParcialConsola.csproj", "{9CF4D472-EF4F-4C4E-9EF3-A6D3A839D073}"
EndProject
Project("{FAE04EC0-301F-11D3-BF4B-00C04F79EFBC}") = "PracticaPrimerParcialWF", "PracticaPrimerParcialWF\PracticaPrimerParcialWF.csproj", "{EF632EDF-B7EB-4F8A-B75A-9E3641D1DCD9}"
EndProject
Project("{FAE04EC0-301F-11D3-BF4B-00C04F79EFBC}") = "ejercicio40consola", "ejercicio40consola\ejercicio40consola.csproj", "{79C47C16-0CF1-4358-B91D-9D83921DEF6A}"
EndProject
Project("{FAE04EC0-301F-11D3-BF4B-00C04F79EFBC}") = "entidadesEjercicio41", "entidadesEjercicio41\entidadesEjercicio41.csproj", "{6A0F1219-081C-4F5E-8973-BA80277E85A8}"
EndProject
Project("{FAE04EC0-301F-11D3-BF4B-00C04F79EFBC}") = "ejercicio41consola", "ejercicio41consola\ejercicio41consola.csproj", "{952E7FD1-7F83-4863-809C-FD04F5056BAD}"
EndProject
Project("{FAE04EC0-301F-11D3-BF4B-00C04F79EFBC}") = "ejercicio42entidades", "ejercicio42entidades\ejercicio42entidades.csproj", "{50CC0730-04DF-41C6-83F7-250F61FF37DF}"
EndProject
Project("{FAE04EC0-301F-11D3-BF4B-00C04F79EFBC}") = "ejercicio42consola", "ejercicio42consola\ejercicio42consola.csproj", "{BA9EA8C8-32AE-42D9-9BAD-C61AD99508E4}"
EndProject
Project("{FAE04EC0-301F-11D3-BF4B-00C04F79EFBC}") = "ejercicio36entidades", "ejercicio36entidades\ejercicio36entidades.csproj", "{7C21C891-7B1F-4BDB-B9B1-FA1A1D2E3A4C}"
EndProject
Global
	GlobalSection(SolutionConfigurationPlatforms) = preSolution
		Debug|Any CPU = Debug|Any CPU
		Release|Any CPU = Release|Any CPU
	EndGlobalSection
	GlobalSection(ProjectConfigurationPlatforms) = postSolution
		{4BB8070B-2720-4446-80AD-DDAC541A532E}.Debug|Any CPU.ActiveCfg = Debug|Any CPU
		{4BB8070B-2720-4446-80AD-DDAC541A532E}.Debug|Any CPU.Build.0 = Debug|Any CPU
		{4BB8070B-2720-4446-80AD-DDAC541A532E}.Release|Any CPU.ActiveCfg = Release|Any CPU
		{4BB8070B-2720-4446-80AD-DDAC541A532E}.Release|Any CPU.Build.0 = Release|Any CPU
		{80017F9C-5005-4318-AED3-4296F8B9F4E1}.Debug|Any CPU.ActiveCfg = Debug|Any CPU
		{80017F9C-5005-4318-AED3-4296F8B9F4E1}.Debug|Any CPU.Build.0 = Debug|Any CPU
		{80017F9C-5005-4318-AED3-4296F8B9F4E1}.Release|Any CPU.ActiveCfg = Release|Any CPU
		{80017F9C-5005-4318-AED3-4296F8B9F4E1}.Release|Any CPU.Build.0 = Release|Any CPU
		{D3218BA6-0385-47C8-A3E8-8767F8E85952}.Debug|Any CPU.ActiveCfg = Debug|Any CPU
		{D3218BA6-0385-47C8-A3E8-8767F8E85952}.Debug|Any CPU.Build.0 = Debug|Any CPU
		{D3218BA6-0385-47C8-A3E8-8767F8E85952}.Release|Any CPU.ActiveCfg = Release|Any CPU
		{D3218BA6-0385-47C8-A3E8-8767F8E85952}.Release|Any CPU.Build.0 = Release|Any CPU
		{5E938B2C-E99F-4671-9B3F-F4635C934D91}.Debug|Any CPU.ActiveCfg = Debug|Any CPU
		{5E938B2C-E99F-4671-9B3F-F4635C934D91}.Debug|Any CPU.Build.0 = Debug|Any CPU
		{5E938B2C-E99F-4671-9B3F-F4635C934D91}.Release|Any CPU.ActiveCfg = Release|Any CPU
		{5E938B2C-E99F-4671-9B3F-F4635C934D91}.Release|Any CPU.Build.0 = Release|Any CPU
		{129EBD2E-1247-44C4-98D2-C588541FDEDB}.Debug|Any CPU.ActiveCfg = Debug|Any CPU
		{129EBD2E-1247-44C4-98D2-C588541FDEDB}.Debug|Any CPU.Build.0 = Debug|Any CPU
		{129EBD2E-1247-44C4-98D2-C588541FDEDB}.Release|Any CPU.ActiveCfg = Release|Any CPU
		{129EBD2E-1247-44C4-98D2-C588541FDEDB}.Release|Any CPU.Build.0 = Release|Any CPU
		{4C844EBF-87ED-4518-AAD3-9D48E0FE3D46}.Debug|Any CPU.ActiveCfg = Debug|Any CPU
		{4C844EBF-87ED-4518-AAD3-9D48E0FE3D46}.Debug|Any CPU.Build.0 = Debug|Any CPU
		{4C844EBF-87ED-4518-AAD3-9D48E0FE3D46}.Release|Any CPU.ActiveCfg = Release|Any CPU
		{4C844EBF-87ED-4518-AAD3-9D48E0FE3D46}.Release|Any CPU.Build.0 = Release|Any CPU
		{AC89991E-FB4B-4D19-8F7C-79B46D1B5E2F}.Debug|Any CPU.ActiveCfg = Debug|Any CPU
		{AC89991E-FB4B-4D19-8F7C-79B46D1B5E2F}.Debug|Any CPU.Build.0 = Debug|Any CPU
		{AC89991E-FB4B-4D19-8F7C-79B46D1B5E2F}.Release|Any CPU.ActiveCfg = Release|Any CPU
		{AC89991E-FB4B-4D19-8F7C-79B46D1B5E2F}.Release|Any CPU.Build.0 = Release|Any CPU
		{3B6769E9-0660-43A7-B033-D4BF84387DE9}.Debug|Any CPU.ActiveCfg = Debug|Any CPU
		{3B6769E9-0660-43A7-B033-D4BF84387DE9}.Debug|Any CPU.Build.0 = Debug|Any CPU
		{3B6769E9-0660-43A7-B033-D4BF84387DE9}.Release|Any CPU.ActiveCfg = Release|Any CPU
		{3B6769E9-0660-43A7-B033-D4BF84387DE9}.Release|Any CPU.Build.0 = Release|Any CPU
		{26C7FFA9-8845-4242-91ED-BB72DD63EC77}.Debug|Any CPU.ActiveCfg = Debug|Any CPU
		{26C7FFA9-8845-4242-91ED-BB72DD63EC77}.Debug|Any CPU.Build.0 = Debug|Any CPU
		{26C7FFA9-8845-4242-91ED-BB72DD63EC77}.Release|Any CPU.ActiveCfg = Release|Any CPU
		{26C7FFA9-8845-4242-91ED-BB72DD63EC77}.Release|Any CPU.Build.0 = Release|Any CPU
		{325F08F6-ED5A-4F30-AD48-FCA83EF4C338}.Debug|Any CPU.ActiveCfg = Debug|Any CPU
		{325F08F6-ED5A-4F30-AD48-FCA83EF4C338}.Debug|Any CPU.Build.0 = Debug|Any CPU
		{325F08F6-ED5A-4F30-AD48-FCA83EF4C338}.Release|Any CPU.ActiveCfg = Release|Any CPU
		{325F08F6-ED5A-4F30-AD48-FCA83EF4C338}.Release|Any CPU.Build.0 = Release|Any CPU
		{35A77DB9-3DDC-4270-808A-9937BA2CD01A}.Debug|Any CPU.ActiveCfg = Debug|Any CPU
		{35A77DB9-3DDC-4270-808A-9937BA2CD01A}.Debug|Any CPU.Build.0 = Debug|Any CPU
		{35A77DB9-3DDC-4270-808A-9937BA2CD01A}.Release|Any CPU.ActiveCfg = Release|Any CPU
		{35A77DB9-3DDC-4270-808A-9937BA2CD01A}.Release|Any CPU.Build.0 = Release|Any CPU
		{95D062C4-4D6B-4DA9-AF44-6349B500DC5D}.Debug|Any CPU.ActiveCfg = Debug|Any CPU
		{95D062C4-4D6B-4DA9-AF44-6349B500DC5D}.Debug|Any CPU.Build.0 = Debug|Any CPU
		{95D062C4-4D6B-4DA9-AF44-6349B500DC5D}.Release|Any CPU.ActiveCfg = Release|Any CPU
		{95D062C4-4D6B-4DA9-AF44-6349B500DC5D}.Release|Any CPU.Build.0 = Release|Any CPU
		{9117290F-CF4D-4DD1-BD52-1113A9A6AB46}.Debug|Any CPU.ActiveCfg = Debug|Any CPU
		{9117290F-CF4D-4DD1-BD52-1113A9A6AB46}.Debug|Any CPU.Build.0 = Debug|Any CPU
		{9117290F-CF4D-4DD1-BD52-1113A9A6AB46}.Release|Any CPU.ActiveCfg = Release|Any CPU
		{9117290F-CF4D-4DD1-BD52-1113A9A6AB46}.Release|Any CPU.Build.0 = Release|Any CPU
		{638B6E9F-7EB3-4185-90A4-11ABD16E4441}.Debug|Any CPU.ActiveCfg = Debug|Any CPU
		{638B6E9F-7EB3-4185-90A4-11ABD16E4441}.Debug|Any CPU.Build.0 = Debug|Any CPU
		{638B6E9F-7EB3-4185-90A4-11ABD16E4441}.Release|Any CPU.ActiveCfg = Release|Any CPU
		{638B6E9F-7EB3-4185-90A4-11ABD16E4441}.Release|Any CPU.Build.0 = Release|Any CPU
		{7961C269-E18E-4C7F-8777-A298144E7C9E}.Debug|Any CPU.ActiveCfg = Debug|Any CPU
		{7961C269-E18E-4C7F-8777-A298144E7C9E}.Debug|Any CPU.Build.0 = Debug|Any CPU
		{7961C269-E18E-4C7F-8777-A298144E7C9E}.Release|Any CPU.ActiveCfg = Release|Any CPU
		{7961C269-E18E-4C7F-8777-A298144E7C9E}.Release|Any CPU.Build.0 = Release|Any CPU
		{AEC6D0CF-6C49-4929-BBFD-9FC830DA3C54}.Debug|Any CPU.ActiveCfg = Debug|Any CPU
		{AEC6D0CF-6C49-4929-BBFD-9FC830DA3C54}.Debug|Any CPU.Build.0 = Debug|Any CPU
		{AEC6D0CF-6C49-4929-BBFD-9FC830DA3C54}.Release|Any CPU.ActiveCfg = Release|Any CPU
		{AEC6D0CF-6C49-4929-BBFD-9FC830DA3C54}.Release|Any CPU.Build.0 = Release|Any CPU
		{20072F02-A943-4894-BB7B-967F582A4270}.Debug|Any CPU.ActiveCfg = Debug|Any CPU
		{20072F02-A943-4894-BB7B-967F582A4270}.Debug|Any CPU.Build.0 = Debug|Any CPU
		{20072F02-A943-4894-BB7B-967F582A4270}.Release|Any CPU.ActiveCfg = Release|Any CPU
		{20072F02-A943-4894-BB7B-967F582A4270}.Release|Any CPU.Build.0 = Release|Any CPU
		{7013BBA4-C7A8-42A6-95AF-E34D00F169C8}.Debug|Any CPU.ActiveCfg = Debug|Any CPU
		{7013BBA4-C7A8-42A6-95AF-E34D00F169C8}.Debug|Any CPU.Build.0 = Debug|Any CPU
		{7013BBA4-C7A8-42A6-95AF-E34D00F169C8}.Release|Any CPU.ActiveCfg = Release|Any CPU
		{7013BBA4-C7A8-42A6-95AF-E34D00F169C8}.Release|Any CPU.Build.0 = Release|Any CPU
		{D1ABBE2C-3B73-47CA-B2BA-CE1619E0099F}.Debug|Any CPU.ActiveCfg = Debug|Any CPU
		{D1ABBE2C-3B73-47CA-B2BA-CE1619E0099F}.Debug|Any CPU.Build.0 = Debug|Any CPU
		{D1ABBE2C-3B73-47CA-B2BA-CE1619E0099F}.Release|Any CPU.ActiveCfg = Release|Any CPU
		{D1ABBE2C-3B73-47CA-B2BA-CE1619E0099F}.Release|Any CPU.Build.0 = Release|Any CPU
		{7F98F777-B380-4BC3-B02C-742A80DB4D0B}.Debug|Any CPU.ActiveCfg = Debug|Any CPU
		{7F98F777-B380-4BC3-B02C-742A80DB4D0B}.Debug|Any CPU.Build.0 = Debug|Any CPU
		{7F98F777-B380-4BC3-B02C-742A80DB4D0B}.Release|Any CPU.ActiveCfg = Release|Any CPU
		{7F98F777-B380-4BC3-B02C-742A80DB4D0B}.Release|Any CPU.Build.0 = Release|Any CPU
		{29C0A8A2-A8ED-4878-B830-8E8F9284CF45}.Debug|Any CPU.ActiveCfg = Debug|Any CPU
		{29C0A8A2-A8ED-4878-B830-8E8F9284CF45}.Debug|Any CPU.Build.0 = Debug|Any CPU
		{29C0A8A2-A8ED-4878-B830-8E8F9284CF45}.Release|Any CPU.ActiveCfg = Release|Any CPU
		{29C0A8A2-A8ED-4878-B830-8E8F9284CF45}.Release|Any CPU.Build.0 = Release|Any CPU
		{D107622F-8CC5-4E30-92C6-395C839B6E30}.Debug|Any CPU.ActiveCfg = Debug|Any CPU
		{D107622F-8CC5-4E30-92C6-395C839B6E30}.Debug|Any CPU.Build.0 = Debug|Any CPU
		{D107622F-8CC5-4E30-92C6-395C839B6E30}.Release|Any CPU.ActiveCfg = Release|Any CPU
		{D107622F-8CC5-4E30-92C6-395C839B6E30}.Release|Any CPU.Build.0 = Release|Any CPU
		{AB8D5B74-A8C0-41DC-85D8-F0DF3110AC8E}.Debug|Any CPU.ActiveCfg = Debug|Any CPU
		{AB8D5B74-A8C0-41DC-85D8-F0DF3110AC8E}.Debug|Any CPU.Build.0 = Debug|Any CPU
		{AB8D5B74-A8C0-41DC-85D8-F0DF3110AC8E}.Release|Any CPU.ActiveCfg = Release|Any CPU
		{AB8D5B74-A8C0-41DC-85D8-F0DF3110AC8E}.Release|Any CPU.Build.0 = Release|Any CPU
		{9CF4D472-EF4F-4C4E-9EF3-A6D3A839D073}.Debug|Any CPU.ActiveCfg = Debug|Any CPU
		{9CF4D472-EF4F-4C4E-9EF3-A6D3A839D073}.Debug|Any CPU.Build.0 = Debug|Any CPU
		{9CF4D472-EF4F-4C4E-9EF3-A6D3A839D073}.Release|Any CPU.ActiveCfg = Release|Any CPU
		{9CF4D472-EF4F-4C4E-9EF3-A6D3A839D073}.Release|Any CPU.Build.0 = Release|Any CPU
		{EF632EDF-B7EB-4F8A-B75A-9E3641D1DCD9}.Debug|Any CPU.ActiveCfg = Debug|Any CPU
		{EF632EDF-B7EB-4F8A-B75A-9E3641D1DCD9}.Debug|Any CPU.Build.0 = Debug|Any CPU
		{EF632EDF-B7EB-4F8A-B75A-9E3641D1DCD9}.Release|Any CPU.ActiveCfg = Release|Any CPU
		{EF632EDF-B7EB-4F8A-B75A-9E3641D1DCD9}.Release|Any CPU.Build.0 = Release|Any CPU
		{79C47C16-0CF1-4358-B91D-9D83921DEF6A}.Debug|Any CPU.ActiveCfg = Debug|Any CPU
		{79C47C16-0CF1-4358-B91D-9D83921DEF6A}.Debug|Any CPU.Build.0 = Debug|Any CPU
		{79C47C16-0CF1-4358-B91D-9D83921DEF6A}.Release|Any CPU.ActiveCfg = Release|Any CPU
		{79C47C16-0CF1-4358-B91D-9D83921DEF6A}.Release|Any CPU.Build.0 = Release|Any CPU
		{6A0F1219-081C-4F5E-8973-BA80277E85A8}.Debug|Any CPU.ActiveCfg = Debug|Any CPU
		{6A0F1219-081C-4F5E-8973-BA80277E85A8}.Debug|Any CPU.Build.0 = Debug|Any CPU
		{6A0F1219-081C-4F5E-8973-BA80277E85A8}.Release|Any CPU.ActiveCfg = Release|Any CPU
		{6A0F1219-081C-4F5E-8973-BA80277E85A8}.Release|Any CPU.Build.0 = Release|Any CPU
		{952E7FD1-7F83-4863-809C-FD04F5056BAD}.Debug|Any CPU.ActiveCfg = Debug|Any CPU
		{952E7FD1-7F83-4863-809C-FD04F5056BAD}.Debug|Any CPU.Build.0 = Debug|Any CPU
		{952E7FD1-7F83-4863-809C-FD04F5056BAD}.Release|Any CPU.ActiveCfg = Release|Any CPU
		{952E7FD1-7F83-4863-809C-FD04F5056BAD}.Release|Any CPU.Build.0 = Release|Any CPU
		{50CC0730-04DF-41C6-83F7-250F61FF37DF}.Debug|Any CPU.ActiveCfg = Debug|Any CPU
		{50CC0730-04DF-41C6-83F7-250F61FF37DF}.Debug|Any CPU.Build.0 = Debug|Any CPU
		{50CC0730-04DF-41C6-83F7-250F61FF37DF}.Release|Any CPU.ActiveCfg = Release|Any CPU
		{50CC0730-04DF-41C6-83F7-250F61FF37DF}.Release|Any CPU.Build.0 = Release|Any CPU
		{BA9EA8C8-32AE-42D9-9BAD-C61AD99508E4}.Debug|Any CPU.ActiveCfg = Debug|Any CPU
		{BA9EA8C8-32AE-42D9-9BAD-C61AD99508E4}.Debug|Any CPU.Build.0 = Debug|Any CPU
		{BA9EA8C8-32AE-42D9-9BAD-C61AD99508E4}.Release|Any CPU.ActiveCfg = Release|Any CPU
		{BA9EA8C8-32AE-42D9-9BAD-C61AD99508E4}.Release|Any CPU.Build.0 = Release|Any CPU
		{7C21C891-7B1F-4BDB-B9B1-FA1A1D2E3A4C}.Debug|Any CPU.ActiveCfg = Debug|Any CPU
		{7C21C891-7B1F-4BDB-B9B1-FA1A1D2E3A4C}.Debug|Any CPU.Build.0 = Debug|Any CPU
		{7C21C891-7B1F-4BDB-B9B1-FA1A1D2E3A4C}.Release|Any CPU.ActiveCfg = Release|Any CPU
		{7C21C891-7B1F-4BDB-B9B1-FA1A1D2E3A4C}.Release|Any CPU.Build.0 = Release|Any CPU
	EndGlobalSection
	GlobalSection(SolutionProperties) = preSolution
		HideSolutionNode = FALSE
	EndGlobalSection
	GlobalSection(ExtensibilityGlobals) = postSolution
		SolutionGuid = {7E932D4C-B6B9-4466-897B-5D32D1B9E882}
	EndGlobalSection
EndGlobal
